
Microsoft Visual Studio Solution File, Format Version 12.00
# Visual Studio 2013
VisualStudioVersion = 12.0.21005.1
MinimumVisualStudioVersion = 10.0.40219.1
Project("{FAE04EC0-301F-11D3-BF4B-00C04F79EFBC}") = "MovieBooking", "MovieBooking\MovieBooking.csproj", "{8DA14AA0-86A3-4DB9-BC95-1250E8CC85CB}"
EndProject
Project("{FAE04EC0-301F-11D3-BF4B-00C04F79EFBC}") = "BOL", "BOL\BOL.csproj", "{5BAA17BB-C566-4D5B-BCB3-126BE14B2D6E}"
EndProject
Project("{FAE04EC0-301F-11D3-BF4B-00C04F79EFBC}") = "BLL", "BLL\BLL.csproj", "{21FE350A-F726-4752-9C96-C9F1ABB03529}"
EndProject
Project("{FAE04EC0-301F-11D3-BF4B-00C04F79EFBC}") = "DAL", "DAL\DAL.csproj", "{9D7FFC08-1AF0-4E1C-A796-1C5FB7B48821}"
EndProject
Global
	GlobalSection(SolutionConfigurationPlatforms) = preSolution
		Debug|Any CPU = Debug|Any CPU
		Release|Any CPU = Release|Any CPU
	EndGlobalSection
	GlobalSection(ProjectConfigurationPlatforms) = postSolution
		{8DA14AA0-86A3-4DB9-BC95-1250E8CC85CB}.Debug|Any CPU.ActiveCfg = Debug|Any CPU
		{8DA14AA0-86A3-4DB9-BC95-1250E8CC85CB}.Debug|Any CPU.Build.0 = Debug|Any CPU
		{8DA14AA0-86A3-4DB9-BC95-1250E8CC85CB}.Release|Any CPU.ActiveCfg = Release|Any CPU
		{8DA14AA0-86A3-4DB9-BC95-1250E8CC85CB}.Release|Any CPU.Build.0 = Release|Any CPU
		{5BAA17BB-C566-4D5B-BCB3-126BE14B2D6E}.Debug|Any CPU.ActiveCfg = Debug|Any CPU
		{5BAA17BB-C566-4D5B-BCB3-126BE14B2D6E}.Debug|Any CPU.Build.0 = Debug|Any CPU
		{5BAA17BB-C566-4D5B-BCB3-126BE14B2D6E}.Release|Any CPU.ActiveCfg = Release|Any CPU
		{5BAA17BB-C566-4D5B-BCB3-126BE14B2D6E}.Release|Any CPU.Build.0 = Release|Any CPU
		{21FE350A-F726-4752-9C96-C9F1ABB03529}.Debug|Any CPU.ActiveCfg = Debug|Any CPU
		{21FE350A-F726-4752-9C96-C9F1ABB03529}.Debug|Any CPU.Build.0 = Debug|Any CPU
		{21FE350A-F726-4752-9C96-C9F1ABB03529}.Release|Any CPU.ActiveCfg = Release|Any CPU
		{21FE350A-F726-4752-9C96-C9F1ABB03529}.Release|Any CPU.Build.0 = Release|Any CPU
		{9D7FFC08-1AF0-4E1C-A796-1C5FB7B48821}.Debug|Any CPU.ActiveCfg = Debug|Any CPU
		{9D7FFC08-1AF0-4E1C-A796-1C5FB7B48821}.Debug|Any CPU.Build.0 = Debug|Any CPU
		{9D7FFC08-1AF0-4E1C-A796-1C5FB7B48821}.Release|Any CPU.ActiveCfg = Release|Any CPU
		{9D7FFC08-1AF0-4E1C-A796-1C5FB7B48821}.Release|Any CPU.Build.0 = Release|Any CPU
	EndGlobalSection
	GlobalSection(SolutionProperties) = preSolution
		HideSolutionNode = FALSE
	EndGlobalSection
EndGlobal
